
Microsoft Visual Studio Solution File, Format Version 12.00
# Visual Studio Version 16
VisualStudioVersion = 16.0.28803.452
MinimumVisualStudioVersion = 10.0.40219.1
Project("{2150E333-8FDC-42A3-9474-1A3956D46DE8}") = "src", "src", "{39D186AA-D7FA-45E5-B15E-1C48F58AE559}"
EndProject
Project("{9A19103F-16F7-4668-BE54-9A1E7A4F7556}") = "CoreLineDrawingBenchmark", "src\CoreLineDrawingBenchmark\CoreLineDrawingBenchmark.csproj", "{99C4972A-3909-4DC7-8724-1BF073D43173}"
EndProject
Project("{FAE04EC0-301F-11D3-BF4B-00C04F79EFBC}") = "ImageSharpCustomDrawing", "src\ImageSharpCustomDrawing\ImageSharpCustomDrawing.csproj", "{30DBD272-DC62-4C95-A847-E62A91B65F38}"
EndProject
Global
	GlobalSection(SolutionConfigurationPlatforms) = preSolution
		Debug|Any CPU = Debug|Any CPU
		Release|Any CPU = Release|Any CPU
	EndGlobalSection
	GlobalSection(ProjectConfigurationPlatforms) = postSolution
		{99C4972A-3909-4DC7-8724-1BF073D43173}.Debug|Any CPU.ActiveCfg = Debug|Any CPU
		{99C4972A-3909-4DC7-8724-1BF073D43173}.Debug|Any CPU.Build.0 = Debug|Any CPU
		{99C4972A-3909-4DC7-8724-1BF073D43173}.Release|Any CPU.ActiveCfg = Release|Any CPU
		{99C4972A-3909-4DC7-8724-1BF073D43173}.Release|Any CPU.Build.0 = Release|Any CPU
		{30DBD272-DC62-4C95-A847-E62A91B65F38}.Debug|Any CPU.ActiveCfg = Debug|Any CPU
		{30DBD272-DC62-4C95-A847-E62A91B65F38}.Debug|Any CPU.Build.0 = Debug|Any CPU
		{30DBD272-DC62-4C95-A847-E62A91B65F38}.Release|Any CPU.ActiveCfg = Release|Any CPU
		{30DBD272-DC62-4C95-A847-E62A91B65F38}.Release|Any CPU.Build.0 = Release|Any CPU
	EndGlobalSection
	GlobalSection(SolutionProperties) = preSolution
		HideSolutionNode = FALSE
	EndGlobalSection
	GlobalSection(NestedProjects) = preSolution
		{99C4972A-3909-4DC7-8724-1BF073D43173} = {39D186AA-D7FA-45E5-B15E-1C48F58AE559}
		{30DBD272-DC62-4C95-A847-E62A91B65F38} = {39D186AA-D7FA-45E5-B15E-1C48F58AE559}
	EndGlobalSection
	GlobalSection(ExtensibilityGlobals) = postSolution
		SolutionGuid = {6713E63C-ED37-4F76-A5E5-ADEF04A2DE0B}
	EndGlobalSection
EndGlobal
